Microsoft Visual Studio Solution File, Format Version 12.00
# Visual Studio Version 17
VisualStudioVersion = 17.5.2.0
MinimumVisualStudioVersion = 10.0.40219.1
Project("{FAE04EC0-301F-11D3-BF4B-00C04F79EFBC}") = "ContainerAutomationApp", "ContainerAutomationApp.csproj", "{36E15C13-831E-07E5-ED95-E48E8BCB7559}"
EndProject
Global
	GlobalSection(SolutionConfigurationPlatforms) = preSolution
		Debug|Any CPU = Debug|Any CPU
		Release|Any CPU = Release|Any CPU
	EndGlobalSection
	GlobalSection(ProjectConfigurationPlatforms) = postSolution
		{36E15C13-831E-07E5-ED95-E48E8BCB7559}.Debug|Any CPU.ActiveCfg = Debug|Any CPU
		{36E15C13-831E-07E5-ED95-E48E8BCB7559}.Debug|Any CPU.Build.0 = Debug|Any CPU
		{36E15C13-831E-07E5-ED95-E48E8BCB7559}.Release|Any CPU.ActiveCfg = Release|Any CPU
		{36E15C13-831E-07E5-ED95-E48E8BCB7559}.Release|Any CPU.Build.0 = Release|Any CPU
	EndGlobalSection
	GlobalSection(SolutionProperties) = preSolution
		HideSolutionNode = FALSE
	EndGlobalSection
	GlobalSection(ExtensibilityGlobals) = postSolution
		SolutionGuid = {EDD72723-9BC1-4F0B-B736-1E783AE08A6E}
	EndGlobalSection
EndGlobal
